{
  "name": "example",
  "version": "1.0.0",
  "lockfileVersion": 2,
  "requires": true,
  "packages": {
    "": {
      "name": "example",
      "version": "1.0.0",
      "license": "MIT",
      "dependencies": {
        "practice-react": "file:..",
        "react": "file:../node_modules/react",
        "react-dom": "file:../node_modules/react-dom"
      },
      "devDependencies": {
        "parcel": "file:../node_modules/parcel",
        "process": "~0.11.10"
      }
    },
    "..": {
      "version": "1.0.0",
      "license": "MIT",
      "devDependencies": {
        "@parcel/packager-ts": "~2.6.2",
        "@parcel/transformer-typescript-types": "~2.6.2",
        "@types/react": "~18.0.14",
        "@types/react-dom": "~18.0.5",
        "parcel": "~2.6.2",
        "react": "~18.2.0",
        "react-dom": "~18.2.0",
        "typescript": "~4.7.4"
      },
      "peerDependencies": {
        "react": "~18.2.0"
      }
    },
    "../node_modules/parcel": {
      "version": "2.6.2",
      "dev": true,
      "license": "MIT",
      "dependencies": {
        "@parcel/config-default": "2.6.2",
        "@parcel/core": "2.6.2",
        "@parcel/diagnostic": "2.6.2",
        "@parcel/events": "2.6.2",
        "@parcel/fs": "2.6.2",
        "@parcel/logger": "2.6.2",
        "@parcel/package-manager": "2.6.2",
        "@parcel/reporter-cli": "2.6.2",
        "@parcel/reporter-dev-server": "2.6.2",
        "@parcel/utils": "2.6.2",
        "chalk": "^4.1.0",
        "commander": "^7.0.0",
        "get-port": "^4.2.0",
        "v8-compile-cache": "^2.0.0"
      },
      "bin": {
        "parcel": "lib/bin.js"
      },
      "engines": {
        "node": ">= 12.0.0"
      },
      "funding": {
        "type": "opencollective",
        "url": "https://opencollective.com/parcel"
      }
    },
    "../node_modules/react": {
      "version": "18.2.0",
      "license": "MIT",
      "dependencies": {
        "loose-envify": "^1.1.0"
      },
      "engines": {
        "node": ">=0.10.0"
      }
    },
    "../node_modules/react-dom": {
      "version": "18.2.0",
      "license": "MIT",
      "dependencies": {
        "loose-envify": "^1.1.0",
        "scheduler": "^0.23.0"
      },
      "peerDependencies": {
        "react": "^18.2.0"
      }
    },
    "node_modules/parcel": {
      "resolved": "../node_modules/parcel",
      "link": true
    },
    "node_modules/practice-react": {
      "resolved": "..",
      "link": true
    },
    "node_modules/process": {
      "version": "0.11.10",
      "resolved": "https://registry.npmjs.org/process/-/process-0.11.10.tgz",
      "integrity": "sha512-cdGef/drWFoydD1JsMzuFf8100nZl+GT+yacc2bEced5f9Rjk4z+WtFUTBu9PhOi9j/jfmBPu0mMEY4wIdAF8A==",
      "dev": true,
      "engines": {
        "node": ">= 0.6.0"
      }
    },
    "node_modules/react": {
      "resolved": "../node_modules/react",
      "link": true
    },
    "node_modules/react-dom": {
      "resolved": "../node_modules/react-dom",
      "link": true
    }
  },
  "dependencies": {
    "parcel": {
      "version": "file:../node_modules/parcel",
      "requires": {
        "@parcel/config-default": "2.6.2",
        "@parcel/core": "2.6.2",
        "@parcel/diagnostic": "2.6.2",
        "@parcel/events": "2.6.2",
        "@parcel/fs": "2.6.2",
        "@parcel/logger": "2.6.2",
        "@parcel/package-manager": "2.6.2",
        "@parcel/reporter-cli": "2.6.2",
        "@parcel/reporter-dev-server": "2.6.2",
        "@parcel/utils": "2.6.2",
        "chalk": "^4.1.0",
        "commander": "^7.0.0",
        "get-port": "^4.2.0",
        "v8-compile-cache": "^2.0.0"
      }
    },
    "practice-react": {
      "version": "file:..",
      "requires": {
        "@parcel/packager-ts": "~2.6.2",
        "@parcel/transformer-typescript-types": "~2.6.2",
        "@types/react": "~18.0.14",
        "@types/react-dom": "~18.0.5",
        "parcel": "~2.6.2",
        "react": "~18.2.0",
        "react-dom": "~18.2.0",
        "typescript": "~4.7.4"
      },
      "dependencies": {
        "parcel": {
          "version": "2.6.2",
          "dev": true,
          "requires": {
            "@parcel/config-default": "2.6.2",
            "@parcel/core": "2.6.2",
            "@parcel/diagnostic": "2.6.2",
            "@parcel/events": "2.6.2",
            "@parcel/fs": "2.6.2",
            "@parcel/logger": "2.6.2",
            "@parcel/package-manager": "2.6.2",
            "@parcel/reporter-cli": "2.6.2",
            "@parcel/reporter-dev-server": "2.6.2",
            "@parcel/utils": "2.6.2",
            "chalk": "^4.1.0",
            "commander": "^7.0.0",
            "get-port": "^4.2.0",
            "v8-compile-cache": "^2.0.0"
          }
        },
        "react": {
          "version": "18.2.0",
          "requires": {
            "loose-envify": "^1.1.0"
          }
        },
        "react-dom": {
          "version": "18.2.0",
          "requires": {
            "loose-envify": "^1.1.0",
            "scheduler": "^0.23.0"
          }
        }
      }
    },
    "process": {
      "version": "0.11.10",
      "resolved": "https://registry.npmjs.org/process/-/process-0.11.10.tgz",
      "integrity": "sha512-cdGef/drWFoydD1JsMzuFf8100nZl+GT+yacc2bEced5f9Rjk4z+WtFUTBu9PhOi9j/jfmBPu0mMEY4wIdAF8A==",
      "dev": true
    },
    "react": {
      "version": "file:../node_modules/react",
      "requires": {
        "loose-envify": "^1.1.0"
      }
    },
    "react-dom": {
      "version": "file:../node_modules/react-dom",
      "requires": {
        "loose-envify": "^1.1.0",
        "scheduler": "^0.23.0"
      }
    }
  }
}
